
Microsoft Visual Studio Solution File, Format Version 12.00
# Visual Studio Version 16
VisualStudioVersion = 16.0.31205.134
MinimumVisualStudioVersion = 10.0.40219.1
Project("{9A19103F-16F7-4668-BE54-9A1E7A4F7556}") = "HashTableDemo", "HashTableDemo.csproj", "{0FDE9E49-63EE-43F9-912F-2E99C8ED33AA}"
EndProject
Global
	GlobalSection(SolutionConfigurationPlatforms) = preSolution
		Debug|Any CPU = Debug|Any CPU
		Release|Any CPU = Release|Any CPU
	EndGlobalSection
	GlobalSection(ProjectConfigurationPlatforms) = postSolution
		{0FDE9E49-63EE-43F9-912F-2E99C8ED33AA}.Debug|Any CPU.ActiveCfg = Debug|Any CPU
		{0FDE9E49-63EE-43F9-912F-2E99C8ED33AA}.Debug|Any CPU.Build.0 = Debug|Any CPU
		{0FDE9E49-63EE-43F9-912F-2E99C8ED33AA}.Release|Any CPU.ActiveCfg = Release|Any CPU
		{0FDE9E49-63EE-43F9-912F-2E99C8ED33AA}.Release|Any CPU.Build.0 = Release|Any CPU
	EndGlobalSection
	GlobalSection(SolutionProperties) = preSolution
		HideSolutionNode = FALSE
	EndGlobalSection
	GlobalSection(ExtensibilityGlobals) = postSolution
		SolutionGuid = {94221B42-FDA6-48DF-A1AD-F0EB39854B9A}
	EndGlobalSection
EndGlobal
